
Microsoft Visual Studio Solution File, Format Version 12.00
# Visual Studio Version 16
VisualStudioVersion = 16.0.30104.148
MinimumVisualStudioVersion = 10.0.40219.1
Project("{9A19103F-16F7-4668-BE54-9A1E7A4F7556}") = "DotNetCoreCorsSettings", "DotNetCoreCorsSettings\DotNetCoreCorsSettings.csproj", "{2D3B2D4C-9366-4C1C-84A6-FBE2A347BA60}"
EndProject
Global
	GlobalSection(SolutionConfigurationPlatforms) = preSolution
		Debug|Any CPU = Debug|Any CPU
		Release|Any CPU = Release|Any CPU
	EndGlobalSection
	GlobalSection(ProjectConfigurationPlatforms) = postSolution
		{2D3B2D4C-9366-4C1C-84A6-FBE2A347BA60}.Debug|Any CPU.ActiveCfg = Debug|Any CPU
		{2D3B2D4C-9366-4C1C-84A6-FBE2A347BA60}.Debug|Any CPU.Build.0 = Debug|Any CPU
		{2D3B2D4C-9366-4C1C-84A6-FBE2A347BA60}.Release|Any CPU.ActiveCfg = Release|Any CPU
		{2D3B2D4C-9366-4C1C-84A6-FBE2A347BA60}.Release|Any CPU.Build.0 = Release|Any CPU
	EndGlobalSection
	GlobalSection(SolutionProperties) = preSolution
		HideSolutionNode = FALSE
	EndGlobalSection
	GlobalSection(ExtensibilityGlobals) = postSolution
		SolutionGuid = {FAAE1146-6A44-4B86-AA6D-C6CF9AA01518}
	EndGlobalSection
EndGlobal
